
Microsoft Visual Studio Solution File, Format Version 12.00
# Visual Studio Version 17
VisualStudioVersion = 17.8.34408.163
MinimumVisualStudioVersion = 10.0.40219.1
Project("{9A19103F-16F7-4668-BE54-9A1E7A4F7556}") = "NewsAndMedia.Api", "NewsAndMedia.Api\NewsAndMedia.Api.csproj", "{97093B00-C845-4E62-8A5D-704054184EE6}"
EndProject
Project("{9A19103F-16F7-4668-BE54-9A1E7A4F7556}") = "NewsAndMedia.Model", "NewsAndMedia.Model\NewsAndMedia.Model.csproj", "{7E2DD2F8-CDB9-4D68-A984-22D8E28FB288}"
EndProject
Project("{9A19103F-16F7-4668-BE54-9A1E7A4F7556}") = "NewsAndMedia.Infrastructure", "NewsAndMedia.Infrastructure\NewsAndMedia.Infrastructure.csproj", "{DD3B6B9E-B0D5-48E6-B418-CE850CAF0C4F}"
EndProject
Project("{9A19103F-16F7-4668-BE54-9A1E7A4F7556}") = "NewsAndMedia.Core", "NewsAndMedia.Core\NewsAndMedia.Core.csproj", "{C0BEF9F3-F53A-4526-8959-7CF8E7C479E5}"
EndProject
Project("{2150E333-8FDC-42A3-9474-1A3956D46DE8}") = "Tests", "Tests", "{100B2423-06DF-4774-8CE3-362508755409}"
EndProject
Project("{9A19103F-16F7-4668-BE54-9A1E7A4F7556}") = "NewsAndMedia.Tests", "NewsAndMedia.Tests\NewsAndMedia.Tests.csproj", "{28B0E34D-3B83-4ADD-8151-9801B7E0D1C1}"
EndProject
Project("{9A19103F-16F7-4668-BE54-9A1E7A4F7556}") = "NewsAndMedia.WorkerService", "NewsAndMedia.WorkerService\NewsAndMedia.WorkerService.csproj", "{04B83250-6F2E-4352-8015-FCFFF2D204E3}"
EndProject
Project("{E53339B2-1760-4266-BCC7-CA923CBCF16C}") = "docker-compose", "docker-compose.dcproj", "{4D55538C-96D4-4491-9DE1-1C277C247DFA}"
EndProject
Global
	GlobalSection(SolutionConfigurationPlatforms) = preSolution
		Debug|Any CPU = Debug|Any CPU
		Release|Any CPU = Release|Any CPU
	EndGlobalSection
	GlobalSection(ProjectConfigurationPlatforms) = postSolution
		{97093B00-C845-4E62-8A5D-704054184EE6}.Debug|Any CPU.ActiveCfg = Debug|Any CPU
		{97093B00-C845-4E62-8A5D-704054184EE6}.Debug|Any CPU.Build.0 = Debug|Any CPU
		{97093B00-C845-4E62-8A5D-704054184EE6}.Release|Any CPU.ActiveCfg = Release|Any CPU
		{97093B00-C845-4E62-8A5D-704054184EE6}.Release|Any CPU.Build.0 = Release|Any CPU
		{7E2DD2F8-CDB9-4D68-A984-22D8E28FB288}.Debug|Any CPU.ActiveCfg = Debug|Any CPU
		{7E2DD2F8-CDB9-4D68-A984-22D8E28FB288}.Debug|Any CPU.Build.0 = Debug|Any CPU
		{7E2DD2F8-CDB9-4D68-A984-22D8E28FB288}.Release|Any CPU.ActiveCfg = Release|Any CPU
		{7E2DD2F8-CDB9-4D68-A984-22D8E28FB288}.Release|Any CPU.Build.0 = Release|Any CPU
		{DD3B6B9E-B0D5-48E6-B418-CE850CAF0C4F}.Debug|Any CPU.ActiveCfg = Debug|Any CPU
		{DD3B6B9E-B0D5-48E6-B418-CE850CAF0C4F}.Debug|Any CPU.Build.0 = Debug|Any CPU
		{DD3B6B9E-B0D5-48E6-B418-CE850CAF0C4F}.Release|Any CPU.ActiveCfg = Release|Any CPU
		{DD3B6B9E-B0D5-48E6-B418-CE850CAF0C4F}.Release|Any CPU.Build.0 = Release|Any CPU
		{C0BEF9F3-F53A-4526-8959-7CF8E7C479E5}.Debug|Any CPU.ActiveCfg = Debug|Any CPU
		{C0BEF9F3-F53A-4526-8959-7CF8E7C479E5}.Debug|Any CPU.Build.0 = Debug|Any CPU
		{C0BEF9F3-F53A-4526-8959-7CF8E7C479E5}.Release|Any CPU.ActiveCfg = Release|Any CPU
		{C0BEF9F3-F53A-4526-8959-7CF8E7C479E5}.Release|Any CPU.Build.0 = Release|Any CPU
		{28B0E34D-3B83-4ADD-8151-9801B7E0D1C1}.Debug|Any CPU.ActiveCfg = Debug|Any CPU
		{28B0E34D-3B83-4ADD-8151-9801B7E0D1C1}.Debug|Any CPU.Build.0 = Debug|Any CPU
		{28B0E34D-3B83-4ADD-8151-9801B7E0D1C1}.Release|Any CPU.ActiveCfg = Release|Any CPU
		{28B0E34D-3B83-4ADD-8151-9801B7E0D1C1}.Release|Any CPU.Build.0 = Release|Any CPU
		{04B83250-6F2E-4352-8015-FCFFF2D204E3}.Debug|Any CPU.ActiveCfg = Debug|Any CPU
		{04B83250-6F2E-4352-8015-FCFFF2D204E3}.Debug|Any CPU.Build.0 = Debug|Any CPU
		{04B83250-6F2E-4352-8015-FCFFF2D204E3}.Release|Any CPU.ActiveCfg = Release|Any CPU
		{04B83250-6F2E-4352-8015-FCFFF2D204E3}.Release|Any CPU.Build.0 = Release|Any CPU
		{4D55538C-96D4-4491-9DE1-1C277C247DFA}.Debug|Any CPU.ActiveCfg = Debug|Any CPU
		{4D55538C-96D4-4491-9DE1-1C277C247DFA}.Debug|Any CPU.Build.0 = Debug|Any CPU
		{4D55538C-96D4-4491-9DE1-1C277C247DFA}.Release|Any CPU.ActiveCfg = Release|Any CPU
		{4D55538C-96D4-4491-9DE1-1C277C247DFA}.Release|Any CPU.Build.0 = Release|Any CPU
	EndGlobalSection
	GlobalSection(SolutionProperties) = preSolution
		HideSolutionNode = FALSE
	EndGlobalSection
	GlobalSection(NestedProjects) = preSolution
		{28B0E34D-3B83-4ADD-8151-9801B7E0D1C1} = {100B2423-06DF-4774-8CE3-362508755409}
	EndGlobalSection
	GlobalSection(ExtensibilityGlobals) = postSolution
		SolutionGuid = {2AFCAA2B-4C31-449A-8E9E-9FB534F6A326}
	EndGlobalSection
EndGlobal
